
Microsoft Visual Studio Solution File, Format Version 12.00
# Visual Studio Version 17
VisualStudioVersion = 17.4.33213.308
MinimumVisualStudioVersion = 10.0.40219.1
Project("{FAE04EC0-301F-11D3-BF4B-00C04F79EFBC}") = "ClassDemoBabyGym", "ClassDemoBabyGym\ClassDemoBabyGym.csproj", "{325A5228-D656-454A-B2CE-B029BEF16F44}"
EndProject
Global
	GlobalSection(SolutionConfigurationPlatforms) = preSolution
		Debug|Any CPU = Debug|Any CPU
		Release|Any CPU = Release|Any CPU
	EndGlobalSection
	GlobalSection(ProjectConfigurationPlatforms) = postSolution
		{325A5228-D656-454A-B2CE-B029BEF16F44}.Debug|Any CPU.ActiveCfg = Debug|Any CPU
		{325A5228-D656-454A-B2CE-B029BEF16F44}.Debug|Any CPU.Build.0 = Debug|Any CPU
		{325A5228-D656-454A-B2CE-B029BEF16F44}.Release|Any CPU.ActiveCfg = Release|Any CPU
		{325A5228-D656-454A-B2CE-B029BEF16F44}.Release|Any CPU.Build.0 = Release|Any CPU
	EndGlobalSection
	GlobalSection(SolutionProperties) = preSolution
		HideSolutionNode = FALSE
	EndGlobalSection
	GlobalSection(ExtensibilityGlobals) = postSolution
		SolutionGuid = {C22AE025-C6AE-4A98-AA09-FF369D5D3FF8}
	EndGlobalSection
EndGlobal
